<?xml version="1.0" encoding="utf-8"?>
<Project ToolsVersion="4.0" xmlns="http://schemas.microsoft.com/developer/msbuild/2003">
  <ItemGroup>
    <Filter Include="소스 파일">
      <UniqueIdentifier>{4FC737F1-C7A5-4376-A066-2A32D752A2FF}</UniqueIdentifier>
      <Extensions>cpp;c;cc;cxx;c++;cppm;ixx;def;odl;idl;hpj;bat;asm;asmx</Extensions>
    </Filter>
    <Filter Include="리소스 파일">
      <UniqueIdentifier>{67DA6AB6-F800-4c08-8B7A-83BB121AAD01}</UniqueIdentifier>
      <Extensions>rc;ico;cur;bmp;dlg;rc2;rct;bin;rgs;gif;jpg;jpeg;jpe;resx;tiff;tif;png;wav;mfcribbon-ms</Extensions>
    </Filter>
    <Filter Include="소스 파일\99.Default">
      <UniqueIdentifier>{ad9ceadc-4cae-4c60-ae3a-4f710fbd0711}</UniqueIdentifier>
    </Filter>
    <Filter Include="소스 파일\98.Header">
      <UniqueIdentifier>{2468db34-ad25-4f35-92d0-6d54839194f7}</UniqueIdentifier>
    </Filter>
    <Filter Include="소스 파일\00.OverlappedEXP">
      <UniqueIdentifier>{4ad5a0f9-4f5b-479c-8789-70c85792440e}</UniqueIdentifier>
    </Filter>
    <Filter Include="소스 파일\01.Session">
      <UniqueIdentifier>{5f8cf66d-b123-409c-ba8a-3e8bcf391928}</UniqueIdentifier>
    </Filter>
    <Filter Include="소스 파일\01.Session\SessionManager">
      <UniqueIdentifier>{65dc3035-6f5a-40f1-b7bf-f179ffb9f278}</UniqueIdentifier>
    </Filter>
  </ItemGroup>
  <ItemGroup>
    <ClCompile Include="main.cpp">
      <Filter>소스 파일</Filter>
    </ClCompile>
    <ClCompile Include="pch.cpp">
      <Filter>소스 파일\99.Default</Filter>
    </ClCompile>
    <ClCompile Include="OverlappedEXP.cpp">
      <Filter>소스 파일\00.OverlappedEXP</Filter>
    </ClCompile>
    <ClCompile Include="Session.cpp">
      <Filter>소스 파일\01.Session</Filter>
    </ClCompile>
    <ClCompile Include="SessionManager.cpp">
      <Filter>소스 파일\01.Session\SessionManager</Filter>
    </ClCompile>
  </ItemGroup>
  <ItemGroup>
    <ClInclude Include="pch.h">
      <Filter>소스 파일\98.Header</Filter>
    </ClInclude>
    <ClInclude Include="Include.h">
      <Filter>소스 파일\98.Header</Filter>
    </ClInclude>
    <ClInclude Include="OverlappedEXP.h">
      <Filter>소스 파일\00.OverlappedEXP</Filter>
    </ClInclude>
    <ClInclude Include="Enum.h">
      <Filter>소스 파일\98.Header</Filter>
    </ClInclude>
    <ClInclude Include="protocol.h">
      <Filter>소스 파일</Filter>
    </ClInclude>
    <ClInclude Include="Session.h">
      <Filter>소스 파일\01.Session</Filter>
    </ClInclude>
    <ClInclude Include="SessionManager.h">
      <Filter>소스 파일\01.Session\SessionManager</Filter>
    </ClInclude>
  </ItemGroup>
</Project>